
Microsoft Visual Studio Solution File, Format Version 12.00
# Visual Studio Version 17
VisualStudioVersion = 17.3.32929.385
MinimumVisualStudioVersion = 10.0.40219.1
Project("{FAE04EC0-301F-11D3-BF4B-00C04F79EFBC}") = "ConsoleApp1", "ConsoleApp1\ConsoleApp1.csproj", "{96D29A20-3203-4252-9F61-4D1BC580E6D4}"
EndProject
Global
	GlobalSection(SolutionConfigurationPlatforms) = preSolution
		Debug|Any CPU = Debug|Any CPU
		Release|Any CPU = Release|Any CPU
	EndGlobalSection
	GlobalSection(ProjectConfigurationPlatforms) = postSolution
		{96D29A20-3203-4252-9F61-4D1BC580E6D4}.Debug|Any CPU.ActiveCfg = Debug|Any CPU
		{96D29A20-3203-4252-9F61-4D1BC580E6D4}.Debug|Any CPU.Build.0 = Debug|Any CPU
		{96D29A20-3203-4252-9F61-4D1BC580E6D4}.Release|Any CPU.ActiveCfg = Release|Any CPU
		{96D29A20-3203-4252-9F61-4D1BC580E6D4}.Release|Any CPU.Build.0 = Release|Any CPU
	EndGlobalSection
	GlobalSection(SolutionProperties) = preSolution
		HideSolutionNode = FALSE
	EndGlobalSection
	GlobalSection(ExtensibilityGlobals) = postSolution
		SolutionGuid = {CB26B0FE-86FF-462B-851E-F3B1528A407C}
	EndGlobalSection
EndGlobal
